
Microsoft Visual Studio Solution File, Format Version 12.00
# Visual Studio 15
VisualStudioVersion = 15.0.26228.9
MinimumVisualStudioVersion = 10.0.40219.1
Project("{FAE04EC0-301F-11D3-BF4B-00C04F79EFBC}") = "MVC1", "MVC1\MVC1.csproj", "{4C11825F-3B50-49C0-8C38-77DEA5331EA3}"
EndProject
Project("{FAE04EC0-301F-11D3-BF4B-00C04F79EFBC}") = "MVC1.Tests", "MVC1.Tests\MVC1.Tests.csproj", "{B6641E6C-E8ED-4682-B6F6-C4C6EBFF042E}"
EndProject
Global
	GlobalSection(SolutionConfigurationPlatforms) = preSolution
		Debug|Any CPU = Debug|Any CPU
		Release|Any CPU = Release|Any CPU
	EndGlobalSection
	GlobalSection(ProjectConfigurationPlatforms) = postSolution
		{4C11825F-3B50-49C0-8C38-77DEA5331EA3}.Debug|Any CPU.ActiveCfg = Debug|Any CPU
		{4C11825F-3B50-49C0-8C38-77DEA5331EA3}.Debug|Any CPU.Build.0 = Debug|Any CPU
		{4C11825F-3B50-49C0-8C38-77DEA5331EA3}.Release|Any CPU.ActiveCfg = Release|Any CPU
		{4C11825F-3B50-49C0-8C38-77DEA5331EA3}.Release|Any CPU.Build.0 = Release|Any CPU
		{B6641E6C-E8ED-4682-B6F6-C4C6EBFF042E}.Debug|Any CPU.ActiveCfg = Debug|Any CPU
		{B6641E6C-E8ED-4682-B6F6-C4C6EBFF042E}.Debug|Any CPU.Build.0 = Debug|Any CPU
		{B6641E6C-E8ED-4682-B6F6-C4C6EBFF042E}.Release|Any CPU.ActiveCfg = Release|Any CPU
		{B6641E6C-E8ED-4682-B6F6-C4C6EBFF042E}.Release|Any CPU.Build.0 = Release|Any CPU
	EndGlobalSection
	GlobalSection(SolutionProperties) = preSolution
		HideSolutionNode = FALSE
	EndGlobalSection
EndGlobal
